{
  "requires": true,
  "lockfileVersion": 1,
  "dependencies": {
    "@11ty/eleventy-navigation": {
      "version": "0.1.3",
      "resolved": "https://registry.npmjs.org/@11ty/eleventy-navigation/-/eleventy-navigation-0.1.3.tgz",
      "integrity": "sha512-Eg67utp1PM/6hyXMolsgdy/VD+AA6TeRI4aBSzUgy6Ayin7r4NH4lYbQJR0+8vbRWm1hwcPPd0st5GZqWF2jfQ==",
      "requires": {
        "dependency-graph": "^0.8.1"
      }
    },
    "dependency-graph": {
      "version": "0.8.1",
      "resolved": "https://registry.npmjs.org/dependency-graph/-/dependency-graph-0.8.1.tgz",
      "integrity": "sha512-g213uqF8fyk40W8SBjm079n3CZB4qSpCrA2ye1fLGzH/4HEgB6tzuW2CbLE7leb4t45/6h44Ud59Su1/ROTfqw=="
    }
  }
}
